
Microsoft Visual Studio Solution File, Format Version 12.00
# Visual Studio Version 17
VisualStudioVersion = 17.5.002.0
MinimumVisualStudioVersion = 10.0.40219.1
Project("{2150E333-8FDC-42A3-9474-1A3956D46DE8}") = "sandbox", "sandbox", "{9869AE52-E40F-45A3-B691-2BB9D8F449A5}"
EndProject
Project("{9A19103F-16F7-4668-BE54-9A1E7A4F7556}") = "sandbox_project", "sandbox\sandbox_project\sandbox_project.csproj", "{F10A54AF-82E8-46C5-8F82-8B59B001E68A}"
EndProject
Project("{2150E333-8FDC-42A3-9474-1A3956D46DE8}") = "week01", "week01", "{848C8B33-27E5-4D4B-83F8-BD33A1750651}"
EndProject
Project("{9A19103F-16F7-4668-BE54-9A1E7A4F7556}") = "analyze", "week01\analyze\analyze.csproj", "{BA76C245-D8EF-4314-963F-F2E82B669386}"
EndProject
Project("{9A19103F-16F7-4668-BE54-9A1E7A4F7556}") = "code", "week01\code\code.csproj", "{7996E783-A9F3-4720-8D3E-E49D35509C30}"
EndProject
Project("{9A19103F-16F7-4668-BE54-9A1E7A4F7556}") = "teach", "week01\teach\teach.csproj", "{10C3ECD9-24DA-40C9-B778-05553DBA9A08}"
EndProject
Project("{2150E333-8FDC-42A3-9474-1A3956D46DE8}") = "week02", "week02", "{D252E439-ABD5-49F0-8BDE-F722819C6D52}"
EndProject
Project("{9A19103F-16F7-4668-BE54-9A1E7A4F7556}") = "analyze", "week02\analyze\analyze.csproj", "{C8B4629E-57B7-4505-95CB-F5C0CBCFDE3E}"
EndProject
Project("{9A19103F-16F7-4668-BE54-9A1E7A4F7556}") = "code", "week02\code\code.csproj", "{20F6DB77-3899-4E36-A8E2-20B84445980C}"
EndProject
Project("{9A19103F-16F7-4668-BE54-9A1E7A4F7556}") = "learn", "week02\learn\learn.csproj", "{EF6125D9-5DF2-4F8C-8D8D-ABD5818D4660}"
EndProject
Project("{9A19103F-16F7-4668-BE54-9A1E7A4F7556}") = "teach", "week02\teach\teach.csproj", "{3C7D3B6F-4064-4766-B454-AE8332A4461C}"
EndProject
Project("{2150E333-8FDC-42A3-9474-1A3956D46DE8}") = "week03", "week03", "{A9A85222-6944-46D1-98FA-3BDA93254694}"
EndProject
Project("{9A19103F-16F7-4668-BE54-9A1E7A4F7556}") = "code", "week03\code\code.csproj", "{778ED854-076D-4055-8199-562CE5305125}"
EndProject
Project("{9A19103F-16F7-4668-BE54-9A1E7A4F7556}") = "learn", "week03\learn\learn.csproj", "{0BA59ADA-AB28-40A7-80BC-FC3B5A20ADCA}"
EndProject
Project("{9A19103F-16F7-4668-BE54-9A1E7A4F7556}") = "teach", "week03\teach\teach.csproj", "{D0D65167-DE37-4F52-B8B9-1562E3DFF755}"
EndProject
Project("{2150E333-8FDC-42A3-9474-1A3956D46DE8}") = "week04", "week04", "{A89E604F-639F-4DF2-A248-9F7F55234FAC}"
EndProject
Project("{9A19103F-16F7-4668-BE54-9A1E7A4F7556}") = "code", "week04\code\code.csproj", "{4FC85169-4C55-4FF9-A5CC-C492F90167F0}"
EndProject
Project("{2150E333-8FDC-42A3-9474-1A3956D46DE8}") = "week05", "week05", "{6CC1BA38-B98C-409F-96BA-C898A0C49F5E}"
EndProject
Project("{9A19103F-16F7-4668-BE54-9A1E7A4F7556}") = "code", "week05\code\code.csproj", "{87F4C33E-E259-4294-9A8A-DFEF867677A3}"
EndProject
Project("{2150E333-8FDC-42A3-9474-1A3956D46DE8}") = "week06", "week06", "{85865937-679F-4892-88C3-67F528FD8E7D}"
EndProject
Project("{9A19103F-16F7-4668-BE54-9A1E7A4F7556}") = "code", "week06\code\code.csproj", "{396770F7-4C3E-416B-A339-C4170921E9F5}"
EndProject
Global
	GlobalSection(SolutionConfigurationPlatforms) = preSolution
		Debug|Any CPU = Debug|Any CPU
		Release|Any CPU = Release|Any CPU
	EndGlobalSection
	GlobalSection(ProjectConfigurationPlatforms) = postSolution
		{F10A54AF-82E8-46C5-8F82-8B59B001E68A}.Debug|Any CPU.ActiveCfg = Debug|Any CPU
		{F10A54AF-82E8-46C5-8F82-8B59B001E68A}.Debug|Any CPU.Build.0 = Debug|Any CPU
		{F10A54AF-82E8-46C5-8F82-8B59B001E68A}.Release|Any CPU.ActiveCfg = Release|Any CPU
		{F10A54AF-82E8-46C5-8F82-8B59B001E68A}.Release|Any CPU.Build.0 = Release|Any CPU
		{BA76C245-D8EF-4314-963F-F2E82B669386}.Debug|Any CPU.ActiveCfg = Debug|Any CPU
		{BA76C245-D8EF-4314-963F-F2E82B669386}.Debug|Any CPU.Build.0 = Debug|Any CPU
		{BA76C245-D8EF-4314-963F-F2E82B669386}.Release|Any CPU.ActiveCfg = Release|Any CPU
		{BA76C245-D8EF-4314-963F-F2E82B669386}.Release|Any CPU.Build.0 = Release|Any CPU
		{7996E783-A9F3-4720-8D3E-E49D35509C30}.Debug|Any CPU.ActiveCfg = Debug|Any CPU
		{7996E783-A9F3-4720-8D3E-E49D35509C30}.Debug|Any CPU.Build.0 = Debug|Any CPU
		{7996E783-A9F3-4720-8D3E-E49D35509C30}.Release|Any CPU.ActiveCfg = Release|Any CPU
		{7996E783-A9F3-4720-8D3E-E49D35509C30}.Release|Any CPU.Build.0 = Release|Any CPU
		{10C3ECD9-24DA-40C9-B778-05553DBA9A08}.Debug|Any CPU.ActiveCfg = Debug|Any CPU
		{10C3ECD9-24DA-40C9-B778-05553DBA9A08}.Debug|Any CPU.Build.0 = Debug|Any CPU
		{10C3ECD9-24DA-40C9-B778-05553DBA9A08}.Release|Any CPU.ActiveCfg = Release|Any CPU
		{10C3ECD9-24DA-40C9-B778-05553DBA9A08}.Release|Any CPU.Build.0 = Release|Any CPU
		{C8B4629E-57B7-4505-95CB-F5C0CBCFDE3E}.Debug|Any CPU.ActiveCfg = Debug|Any CPU
		{C8B4629E-57B7-4505-95CB-F5C0CBCFDE3E}.Debug|Any CPU.Build.0 = Debug|Any CPU
		{C8B4629E-57B7-4505-95CB-F5C0CBCFDE3E}.Release|Any CPU.ActiveCfg = Release|Any CPU
		{C8B4629E-57B7-4505-95CB-F5C0CBCFDE3E}.Release|Any CPU.Build.0 = Release|Any CPU
		{20F6DB77-3899-4E36-A8E2-20B84445980C}.Debug|Any CPU.ActiveCfg = Debug|Any CPU
		{20F6DB77-3899-4E36-A8E2-20B84445980C}.Debug|Any CPU.Build.0 = Debug|Any CPU
		{20F6DB77-3899-4E36-A8E2-20B84445980C}.Release|Any CPU.ActiveCfg = Release|Any CPU
		{20F6DB77-3899-4E36-A8E2-20B84445980C}.Release|Any CPU.Build.0 = Release|Any CPU
		{EF6125D9-5DF2-4F8C-8D8D-ABD5818D4660}.Debug|Any CPU.ActiveCfg = Debug|Any CPU
		{EF6125D9-5DF2-4F8C-8D8D-ABD5818D4660}.Debug|Any CPU.Build.0 = Debug|Any CPU
		{EF6125D9-5DF2-4F8C-8D8D-ABD5818D4660}.Release|Any CPU.ActiveCfg = Release|Any CPU
		{EF6125D9-5DF2-4F8C-8D8D-ABD5818D4660}.Release|Any CPU.Build.0 = Release|Any CPU
		{3C7D3B6F-4064-4766-B454-AE8332A4461C}.Debug|Any CPU.ActiveCfg = Debug|Any CPU
		{3C7D3B6F-4064-4766-B454-AE8332A4461C}.Debug|Any CPU.Build.0 = Debug|Any CPU
		{3C7D3B6F-4064-4766-B454-AE8332A4461C}.Release|Any CPU.ActiveCfg = Release|Any CPU
		{3C7D3B6F-4064-4766-B454-AE8332A4461C}.Release|Any CPU.Build.0 = Release|Any CPU
		{778ED854-076D-4055-8199-562CE5305125}.Debug|Any CPU.ActiveCfg = Debug|Any CPU
		{778ED854-076D-4055-8199-562CE5305125}.Debug|Any CPU.Build.0 = Debug|Any CPU
		{778ED854-076D-4055-8199-562CE5305125}.Release|Any CPU.ActiveCfg = Release|Any CPU
		{778ED854-076D-4055-8199-562CE5305125}.Release|Any CPU.Build.0 = Release|Any CPU
		{0BA59ADA-AB28-40A7-80BC-FC3B5A20ADCA}.Debug|Any CPU.ActiveCfg = Debug|Any CPU
		{0BA59ADA-AB28-40A7-80BC-FC3B5A20ADCA}.Debug|Any CPU.Build.0 = Debug|Any CPU
		{0BA59ADA-AB28-40A7-80BC-FC3B5A20ADCA}.Release|Any CPU.ActiveCfg = Release|Any CPU
		{0BA59ADA-AB28-40A7-80BC-FC3B5A20ADCA}.Release|Any CPU.Build.0 = Release|Any CPU
		{D0D65167-DE37-4F52-B8B9-1562E3DFF755}.Debug|Any CPU.ActiveCfg = Debug|Any CPU
		{D0D65167-DE37-4F52-B8B9-1562E3DFF755}.Debug|Any CPU.Build.0 = Debug|Any CPU
		{D0D65167-DE37-4F52-B8B9-1562E3DFF755}.Release|Any CPU.ActiveCfg = Release|Any CPU
		{D0D65167-DE37-4F52-B8B9-1562E3DFF755}.Release|Any CPU.Build.0 = Release|Any CPU
		{4FC85169-4C55-4FF9-A5CC-C492F90167F0}.Debug|Any CPU.ActiveCfg = Debug|Any CPU
		{4FC85169-4C55-4FF9-A5CC-C492F90167F0}.Debug|Any CPU.Build.0 = Debug|Any CPU
		{4FC85169-4C55-4FF9-A5CC-C492F90167F0}.Release|Any CPU.ActiveCfg = Release|Any CPU
		{4FC85169-4C55-4FF9-A5CC-C492F90167F0}.Release|Any CPU.Build.0 = Release|Any CPU
		{87F4C33E-E259-4294-9A8A-DFEF867677A3}.Debug|Any CPU.ActiveCfg = Debug|Any CPU
		{87F4C33E-E259-4294-9A8A-DFEF867677A3}.Debug|Any CPU.Build.0 = Debug|Any CPU
		{87F4C33E-E259-4294-9A8A-DFEF867677A3}.Release|Any CPU.ActiveCfg = Release|Any CPU
		{87F4C33E-E259-4294-9A8A-DFEF867677A3}.Release|Any CPU.Build.0 = Release|Any CPU
		{396770F7-4C3E-416B-A339-C4170921E9F5}.Debug|Any CPU.ActiveCfg = Debug|Any CPU
		{396770F7-4C3E-416B-A339-C4170921E9F5}.Debug|Any CPU.Build.0 = Debug|Any CPU
		{396770F7-4C3E-416B-A339-C4170921E9F5}.Release|Any CPU.ActiveCfg = Release|Any CPU
		{396770F7-4C3E-416B-A339-C4170921E9F5}.Release|Any CPU.Build.0 = Release|Any CPU
	EndGlobalSection
	GlobalSection(SolutionProperties) = preSolution
		HideSolutionNode = FALSE
	EndGlobalSection
	GlobalSection(NestedProjects) = preSolution
		{F10A54AF-82E8-46C5-8F82-8B59B001E68A} = {9869AE52-E40F-45A3-B691-2BB9D8F449A5}
		{BA76C245-D8EF-4314-963F-F2E82B669386} = {848C8B33-27E5-4D4B-83F8-BD33A1750651}
		{7996E783-A9F3-4720-8D3E-E49D35509C30} = {848C8B33-27E5-4D4B-83F8-BD33A1750651}
		{10C3ECD9-24DA-40C9-B778-05553DBA9A08} = {848C8B33-27E5-4D4B-83F8-BD33A1750651}
		{C8B4629E-57B7-4505-95CB-F5C0CBCFDE3E} = {D252E439-ABD5-49F0-8BDE-F722819C6D52}
		{20F6DB77-3899-4E36-A8E2-20B84445980C} = {D252E439-ABD5-49F0-8BDE-F722819C6D52}
		{EF6125D9-5DF2-4F8C-8D8D-ABD5818D4660} = {D252E439-ABD5-49F0-8BDE-F722819C6D52}
		{3C7D3B6F-4064-4766-B454-AE8332A4461C} = {D252E439-ABD5-49F0-8BDE-F722819C6D52}
		{778ED854-076D-4055-8199-562CE5305125} = {A9A85222-6944-46D1-98FA-3BDA93254694}
		{0BA59ADA-AB28-40A7-80BC-FC3B5A20ADCA} = {A9A85222-6944-46D1-98FA-3BDA93254694}
		{D0D65167-DE37-4F52-B8B9-1562E3DFF755} = {A9A85222-6944-46D1-98FA-3BDA93254694}
		{4FC85169-4C55-4FF9-A5CC-C492F90167F0} = {A89E604F-639F-4DF2-A248-9F7F55234FAC}
		{87F4C33E-E259-4294-9A8A-DFEF867677A3} = {6CC1BA38-B98C-409F-96BA-C898A0C49F5E}
		{396770F7-4C3E-416B-A339-C4170921E9F5} = {85865937-679F-4892-88C3-67F528FD8E7D}
	EndGlobalSection
	GlobalSection(ExtensibilityGlobals) = postSolution
		SolutionGuid = {F8711597-57DD-4E3F-B241-66F1A9A5D221}
	EndGlobalSection
EndGlobal
